
Microsoft Visual Studio Solution File, Format Version 12.00
# Visual Studio 2013
VisualStudioVersion = 12.0.40629.0
MinimumVisualStudioVersion = 10.0.40219.1
Project("{FAE04EC0-301F-11D3-BF4B-00C04F79EFBC}") = "WinForm.Ui", "WinForm.Ui\WinForm.Ui.csproj", "{782449B9-8E3E-4830-BD31-F4D6C6D3910D}"
EndProject
Project("{FAE04EC0-301F-11D3-BF4B-00C04F79EFBC}") = "WindowsForm.Control", "WindowsForm.Control\WindowsForm.Control.csproj", "{E127737E-573D-4CD9-9092-2712AA88BF50}"
EndProject
Global
	GlobalSection(SolutionConfigurationPlatforms) = preSolution
		Debug|Any CPU = Debug|Any CPU
		Release|Any CPU = Release|Any CPU
	EndGlobalSection
	GlobalSection(ProjectConfigurationPlatforms) = postSolution
		{782449B9-8E3E-4830-BD31-F4D6C6D3910D}.Debug|Any CPU.ActiveCfg = Debug|Any CPU
		{782449B9-8E3E-4830-BD31-F4D6C6D3910D}.Debug|Any CPU.Build.0 = Debug|Any CPU
		{782449B9-8E3E-4830-BD31-F4D6C6D3910D}.Release|Any CPU.ActiveCfg = Release|Any CPU
		{782449B9-8E3E-4830-BD31-F4D6C6D3910D}.Release|Any CPU.Build.0 = Release|Any CPU
		{E127737E-573D-4CD9-9092-2712AA88BF50}.Debug|Any CPU.ActiveCfg = Debug|Any CPU
		{E127737E-573D-4CD9-9092-2712AA88BF50}.Debug|Any CPU.Build.0 = Debug|Any CPU
		{E127737E-573D-4CD9-9092-2712AA88BF50}.Release|Any CPU.ActiveCfg = Release|Any CPU
		{E127737E-573D-4CD9-9092-2712AA88BF50}.Release|Any CPU.Build.0 = Release|Any CPU
	EndGlobalSection
	GlobalSection(SolutionProperties) = preSolution
		HideSolutionNode = FALSE
	EndGlobalSection
EndGlobal
